
Microsoft Visual Studio Solution File, Format Version 12.00
# Visual Studio Version 17
VisualStudioVersion = 17.11.35312.102
MinimumVisualStudioVersion = 10.0.40219.1
Project("{FAE04EC0-301F-11D3-BF4B-00C04F79EFBC}") = "OrangeHubAPI", "OrangeHubAPI\OrangeHubAPI.csproj", "{1361749B-56BE-482C-AC65-F83FA55EE7F9}"
EndProject
Global
	GlobalSection(SolutionConfigurationPlatforms) = preSolution
		Debug|Any CPU = Debug|Any CPU
		Release|Any CPU = Release|Any CPU
	EndGlobalSection
	GlobalSection(ProjectConfigurationPlatforms) = postSolution
		{1361749B-56BE-482C-AC65-F83FA55EE7F9}.Debug|Any CPU.ActiveCfg = Debug|Any CPU
		{1361749B-56BE-482C-AC65-F83FA55EE7F9}.Debug|Any CPU.Build.0 = Debug|Any CPU
		{1361749B-56BE-482C-AC65-F83FA55EE7F9}.Release|Any CPU.ActiveCfg = Release|Any CPU
		{1361749B-56BE-482C-AC65-F83FA55EE7F9}.Release|Any CPU.Build.0 = Release|Any CPU
	EndGlobalSection
	GlobalSection(SolutionProperties) = preSolution
		HideSolutionNode = FALSE
	EndGlobalSection
	GlobalSection(ExtensibilityGlobals) = postSolution
		SolutionGuid = {C414A6B9-2DB8-444B-9E56-5981C65072F2}
	EndGlobalSection
EndGlobal
